{
  "lockfile_version": "1",
  "packages": {
    "bun@latest": {
      "last_modified": "2024-09-13T23:33:17Z",
      "resolved": "github:NixOS/nixpkgs/e3e53b69ed45a126b968645b7303288c0b5d9a6b#bun",
      "source": "devbox-search",
      "version": "1.1.27",
      "systems": {
        "aarch64-darwin": {
          "outputs": [
            {
              "name": "out",
              "path": "/nix/store/la1dp3fn75m40prbli0gw0v8k39mxc9p-bun-1.1.27",
              "default": true
            }
          ],
          "store_path": "/nix/store/la1dp3fn75m40prbli0gw0v8k39mxc9p-bun-1.1.27"
        },
        "aarch64-linux": {
          "outputs": [
            {
              "name": "out",
              "path": "/nix/store/1383l9ikzhjzqn4i6d0nc7s23knlfqzj-bun-1.1.27",
              "default": true
            }
          ],
          "store_path": "/nix/store/1383l9ikzhjzqn4i6d0nc7s23knlfqzj-bun-1.1.27"
        },
        "x86_64-darwin": {
          "outputs": [
            {
              "name": "out",
              "path": "/nix/store/v81qw9nq3b3dr9jnff57mbgl4zww8jqz-bun-1.1.27",
              "default": true
            }
          ],
          "store_path": "/nix/store/v81qw9nq3b3dr9jnff57mbgl4zww8jqz-bun-1.1.27"
        },
        "x86_64-linux": {
          "outputs": [
            {
              "name": "out",
              "path": "/nix/store/ly4qcv319hpvrh0z5ws6bbal6vsra8h7-bun-1.1.27",
              "default": true
            }
          ],
          "store_path": "/nix/store/ly4qcv319hpvrh0z5ws6bbal6vsra8h7-bun-1.1.27"
        }
      }
    },
    "git@latest": {
      "last_modified": "2024-09-10T15:01:03Z",
      "resolved": "github:NixOS/nixpkgs/5ed627539ac84809c78b2dd6d26a5cebeb5ae269#git",
      "source": "devbox-search",
      "version": "2.46.0",
      "systems": {
        "aarch64-darwin": {
          "outputs": [
            {
              "name": "out",
              "path": "/nix/store/msgwpjsr2607nmlm4f0klc60m7vyp2ls-git-2.46.0",
              "default": true
            },
            {
              "name": "doc",
              "path": "/nix/store/ycx57sa7dfrs9z1gq0sk1ai29ib9hvhl-git-2.46.0-doc"
            }
          ],
          "store_path": "/nix/store/msgwpjsr2607nmlm4f0klc60m7vyp2ls-git-2.46.0"
        },
        "aarch64-linux": {
          "outputs": [
            {
              "name": "out",
              "path": "/nix/store/lgr3n0573wi478bj456zggh541wjrbiw-git-2.46.0",
              "default": true
            },
            {
              "name": "debug",
              "path": "/nix/store/v6r2pdpiwn62yhjp489gjkqhz6yn8zl5-git-2.46.0-debug"
            },
            {
              "name": "doc",
              "path": "/nix/store/5aiq8j373y5k9dh1p98zlic3n5f5ycnq-git-2.46.0-doc"
            }
          ],
          "store_path": "/nix/store/lgr3n0573wi478bj456zggh541wjrbiw-git-2.46.0"
        },
        "x86_64-darwin": {
          "outputs": [
            {
              "name": "out",
              "path": "/nix/store/lfb5ngmzsmnbqw41wm11i7hjnrkii7ic-git-2.46.0",
              "default": true
            },
            {
              "name": "doc",
              "path": "/nix/store/kcgzncw4plawrs6fw524dprbscqdl78n-git-2.46.0-doc"
            }
          ],
          "store_path": "/nix/store/lfb5ngmzsmnbqw41wm11i7hjnrkii7ic-git-2.46.0"
        },
        "x86_64-linux": {
          "outputs": [
            {
              "name": "out",
              "path": "/nix/store/0l63mqr7qx1asjxfz86j4zbs4758gn98-git-2.46.0",
              "default": true
            },
            {
              "name": "debug",
              "path": "/nix/store/x1g0dhpqg1fi4dz20lp2i2h759bdkark-git-2.46.0-debug"
            },
            {
              "name": "doc",
              "path": "/nix/store/5r0irlcap11p8wqbdiy9fz1y3pk1mn4n-git-2.46.0-doc"
            }
          ],
          "store_path": "/nix/store/0l63mqr7qx1asjxfz86j4zbs4758gn98-git-2.46.0"
        }
      }
    },
    "less@latest": {
      "last_modified": "2024-10-13T23:44:06Z",
      "resolved": "github:NixOS/nixpkgs/d4f247e89f6e10120f911e2e2d2254a050d0f732#less",
      "source": "devbox-search",
      "version": "661",
      "systems": {
        "aarch64-darwin": {
          "outputs": [
            {
              "name": "out",
              "path": "/nix/store/i9k98mwamq0c8l9050sh7d1dz6swqg8f-less-661",
              "default": true
            },
            {
              "name": "man",
              "path": "/nix/store/5aad9yg207bygv41nbihnkzkcj97f06r-less-661-man",
              "default": true
            }
          ],
          "store_path": "/nix/store/i9k98mwamq0c8l9050sh7d1dz6swqg8f-less-661"
        },
        "aarch64-linux": {
          "outputs": [
            {
              "name": "out",
              "path": "/nix/store/g0ym0a41a78ccq41dl7h0adb3icsqh06-less-661",
              "default": true
            },
            {
              "name": "man",
              "path": "/nix/store/5pg0042xqm1wcx1p8fg8zwss64xk9yaz-less-661-man",
              "default": true
            }
          ],
          "store_path": "/nix/store/g0ym0a41a78ccq41dl7h0adb3icsqh06-less-661"
        },
        "x86_64-darwin": {
          "outputs": [
            {
              "name": "out",
              "path": "/nix/store/5lydhlflbc67p1fqc1grd4cjq3fk07j6-less-661",
              "default": true
            },
            {
              "name": "man",
              "path": "/nix/store/4vbyldnn6s9vvdip81lnn42z30fw3080-less-661-man",
              "default": true
            }
          ],
          "store_path": "/nix/store/5lydhlflbc67p1fqc1grd4cjq3fk07j6-less-661"
        },
        "x86_64-linux": {
          "outputs": [
            {
              "name": "out",
              "path": "/nix/store/dgn6hj686lzl8148fzy3h51h07jaf2i6-less-661",
              "default": true
            },
            {
              "name": "man",
              "path": "/nix/store/psgpg8dsnp37np7ab0ki7ig2d83638s4-less-661-man",
              "default": true
            }
          ],
          "store_path": "/nix/store/dgn6hj686lzl8148fzy3h51h07jaf2i6-less-661"
        }
      }
    },
    "nodejs@latest": {
      "last_modified": "2024-09-10T15:01:03Z",
      "plugin_version": "0.0.2",
      "resolved": "github:NixOS/nixpkgs/5ed627539ac84809c78b2dd6d26a5cebeb5ae269#nodejs_22",
      "source": "devbox-search",
      "version": "22.8.0",
      "systems": {
        "aarch64-darwin": {
          "outputs": [
            {
              "name": "out",
              "path": "/nix/store/4r8kqr24z88m1xjbb1qf19p1mi6q35lp-nodejs-22.8.0",
              "default": true
            },
            {
              "name": "libv8",
              "path": "/nix/store/rqpibvqcpjxx26ls9kmdq1fr5yckss9l-nodejs-22.8.0-libv8"
            }
          ],
          "store_path": "/nix/store/4r8kqr24z88m1xjbb1qf19p1mi6q35lp-nodejs-22.8.0"
        },
        "aarch64-linux": {
          "outputs": [
            {
              "name": "out",
              "path": "/nix/store/1wzl2brm8p6sb5b3wsdnn02m56cq36d4-nodejs-22.8.0",
              "default": true
            },
            {
              "name": "libv8",
              "path": "/nix/store/4dwa28gc3w0gr672pcf3j4lfncymdqjf-nodejs-22.8.0-libv8"
            }
          ],
          "store_path": "/nix/store/1wzl2brm8p6sb5b3wsdnn02m56cq36d4-nodejs-22.8.0"
        },
        "x86_64-darwin": {
          "outputs": [
            {
              "name": "out",
              "path": "/nix/store/mcdq9d48r8c2j29zgr7i80vnjzwh2lc3-nodejs-22.8.0",
              "default": true
            },
            {
              "name": "libv8",
              "path": "/nix/store/16kfmgbsspjg1kpdvf9np5v2h371dh40-nodejs-22.8.0-libv8"
            }
          ],
          "store_path": "/nix/store/mcdq9d48r8c2j29zgr7i80vnjzwh2lc3-nodejs-22.8.0"
        },
        "x86_64-linux": {
          "outputs": [
            {
              "name": "out",
              "path": "/nix/store/xsrv93rg8vi05k9ig6v9mcvcyn01n6n2-nodejs-22.8.0",
              "default": true
            },
            {
              "name": "libv8",
              "path": "/nix/store/gp8fkyafy0anm5pgdcq2x3qs2fm8syhl-nodejs-22.8.0-libv8"
            }
          ],
          "store_path": "/nix/store/xsrv93rg8vi05k9ig6v9mcvcyn01n6n2-nodejs-22.8.0"
        }
      }
    },
    "openssh@latest": {
      "last_modified": "2024-09-10T15:01:03Z",
      "resolved": "github:NixOS/nixpkgs/5ed627539ac84809c78b2dd6d26a5cebeb5ae269#openssh",
      "source": "devbox-search",
      "version": "9.8p1",
      "systems": {
        "aarch64-darwin": {
          "outputs": [
            {
              "name": "out",
              "path": "/nix/store/hvbk9j6gi58aay37ijh7f0ad5hvbzrvv-openssh-9.8p1",
              "default": true
            }
          ],
          "store_path": "/nix/store/hvbk9j6gi58aay37ijh7f0ad5hvbzrvv-openssh-9.8p1"
        },
        "aarch64-linux": {
          "outputs": [
            {
              "name": "out",
              "path": "/nix/store/z51vgs90zqrzphxr02nk8sv5qckwcdm6-openssh-9.8p1",
              "default": true
            }
          ],
          "store_path": "/nix/store/z51vgs90zqrzphxr02nk8sv5qckwcdm6-openssh-9.8p1"
        },
        "x86_64-darwin": {
          "outputs": [
            {
              "name": "out",
              "path": "/nix/store/h19d6yhf1pc9ss0kgkw5fqd3wf9palra-openssh-9.8p1",
              "default": true
            }
          ],
          "store_path": "/nix/store/h19d6yhf1pc9ss0kgkw5fqd3wf9palra-openssh-9.8p1"
        },
        "x86_64-linux": {
          "outputs": [
            {
              "name": "out",
              "path": "/nix/store/2wwfdill3872xircv1vwmlj8gxghg5f9-openssh-9.8p1",
              "default": true
            }
          ],
          "store_path": "/nix/store/2wwfdill3872xircv1vwmlj8gxghg5f9-openssh-9.8p1"
        }
      }
    },
    "ps@latest": {
      "last_modified": "2024-10-13T23:44:06Z",
      "resolved": "github:NixOS/nixpkgs/d4f247e89f6e10120f911e2e2d2254a050d0f732#ps",
      "source": "devbox-search",
      "version": "3.3.17",
      "systems": {
        "aarch64-linux": {
          "outputs": [
            {
              "name": "out",
              "path": "/nix/store/dmriinzz8y2f93sy69as8d7yrjx022wa-ps-procps-3.3.17",
              "default": true
            }
          ],
          "store_path": "/nix/store/dmriinzz8y2f93sy69as8d7yrjx022wa-ps-procps-3.3.17"
        },
        "x86_64-linux": {
          "outputs": [
            {
              "name": "out",
              "path": "/nix/store/p1324fmfcdwg2d7wir5crgifmwm05hw0-ps-procps-3.3.17",
              "default": true
            }
          ],
          "store_path": "/nix/store/p1324fmfcdwg2d7wir5crgifmwm05hw0-ps-procps-3.3.17"
        }
      }
    },
    "python311@latest": {
      "last_modified": "2024-10-13T23:44:06Z",
      "plugin_version": "0.0.4",
      "resolved": "github:NixOS/nixpkgs/d4f247e89f6e10120f911e2e2d2254a050d0f732#python311",
      "source": "devbox-search",
      "version": "3.11.10",
      "systems": {
        "aarch64-darwin": {
          "outputs": [
            {
              "name": "out",
              "path": "/nix/store/nixf1pwf0irygcdk81xh4lz7zfa2k06y-python3-3.11.10",
              "default": true
            }
          ],
          "store_path": "/nix/store/nixf1pwf0irygcdk81xh4lz7zfa2k06y-python3-3.11.10"
        },
        "aarch64-linux": {
          "outputs": [
            {
              "name": "out",
              "path": "/nix/store/k5457x40win21kxxqdff2771hrpbiwfh-python3-3.11.10",
              "default": true
            },
            {
              "name": "debug",
              "path": "/nix/store/b5jmgp4kirkb1ndm13l5icval34hl75d-python3-3.11.10-debug"
            }
          ],
          "store_path": "/nix/store/k5457x40win21kxxqdff2771hrpbiwfh-python3-3.11.10"
        },
        "x86_64-darwin": {
          "outputs": [
            {
              "name": "out",
              "path": "/nix/store/fpxwlwmhwha4krcipji4f4cbq30v75jl-python3-3.11.10",
              "default": true
            }
          ],
          "store_path": "/nix/store/fpxwlwmhwha4krcipji4f4cbq30v75jl-python3-3.11.10"
        },
        "x86_64-linux": {
          "outputs": [
            {
              "name": "out",
              "path": "/nix/store/0bygl9k94j0xkxq7cmxnpqdqf8va5k7j-python3-3.11.10",
              "default": true
            },
            {
              "name": "debug",
              "path": "/nix/store/b1qysg4jpcl4vhqpa32hfvgny2zf1p88-python3-3.11.10-debug"
            }
          ],
          "store_path": "/nix/store/0bygl9k94j0xkxq7cmxnpqdqf8va5k7j-python3-3.11.10"
        }
      }
    },
    "python311Packages.pip@latest": {
      "last_modified": "2024-09-10T15:01:03Z",
      "plugin_version": "0.0.2",
      "resolved": "github:NixOS/nixpkgs/5ed627539ac84809c78b2dd6d26a5cebeb5ae269#python311Packages.pip",
      "source": "devbox-search",
      "version": "24.0",
      "systems": {
        "aarch64-darwin": {
          "outputs": [
            {
              "name": "out",
              "path": "/nix/store/ckni67h8iqidyzhgsd7fgx5ihgfrpqk5-python3.11-pip-24.0",
              "default": true
            },
            {
              "name": "man",
              "path": "/nix/store/gs2bn63f8s3hqjhiws774sbplsva0ms8-python3.11-pip-24.0-man",
              "default": true
            },
            {
              "name": "dist",
              "path": "/nix/store/pdmc4wm32l2vma3ygmhxq1dvd2wyy8jz-python3.11-pip-24.0-dist"
            }
          ],
          "store_path": "/nix/store/ckni67h8iqidyzhgsd7fgx5ihgfrpqk5-python3.11-pip-24.0"
        },
        "aarch64-linux": {
          "outputs": [
            {
              "name": "out",
              "path": "/nix/store/r30930px67zm59qavs1wrb4dafv3zvv6-python3.11-pip-24.0",
              "default": true
            },
            {
              "name": "man",
              "path": "/nix/store/94cmsqrmnivlydk77jmnh2lha8vd0q21-python3.11-pip-24.0-man",
              "default": true
            },
            {
              "name": "dist",
              "path": "/nix/store/cxv4ynjhxb9kd59xg8b02alkr0fjqiz5-python3.11-pip-24.0-dist"
            }
          ],
          "store_path": "/nix/store/r30930px67zm59qavs1wrb4dafv3zvv6-python3.11-pip-24.0"
        },
        "x86_64-darwin": {
          "outputs": [
            {
              "name": "out",
              "path": "/nix/store/wkwx7w9zcjwvzspls7r19hlpa7xl94w8-python3.11-pip-24.0",
              "default": true
            },
            {
              "name": "man",
              "path": "/nix/store/45cshzilw33zwdrl4yfdq675wzm13wsz-python3.11-pip-24.0-man",
              "default": true
            },
            {
              "name": "dist",
              "path": "/nix/store/h3k84d0r810lhwa9152z96ikilbnwgg2-python3.11-pip-24.0-dist"
            }
          ],
          "store_path": "/nix/store/wkwx7w9zcjwvzspls7r19hlpa7xl94w8-python3.11-pip-24.0"
        },
        "x86_64-linux": {
          "outputs": [
            {
              "name": "out",
              "path": "/nix/store/b4hrc7i8hzfzhvmq5qffyb748zkc4lkr-python3.11-pip-24.0",
              "default": true
            },
            {
              "name": "man",
              "path": "/nix/store/hvjfxrx4h92qm9y1jvw44ndy8fk61wlc-python3.11-pip-24.0-man",
              "default": true
            },
            {
              "name": "dist",
              "path": "/nix/store/npnd0dqb76jk3pw7n735r5ppzd1cr3w8-python3.11-pip-24.0-dist"
            }
          ],
          "store_path": "/nix/store/b4hrc7i8hzfzhvmq5qffyb748zkc4lkr-python3.11-pip-24.0"
        }
      }
    },
    "vim@latest": {
      "last_modified": "2024-09-10T15:01:03Z",
      "resolved": "github:NixOS/nixpkgs/5ed627539ac84809c78b2dd6d26a5cebeb5ae269#vim",
      "source": "devbox-search",
      "version": "9.1.0707",
      "systems": {
        "aarch64-darwin": {
          "outputs": [
            {
              "name": "out",
              "path": "/nix/store/wdhpl0civ3ny5m6h4i426lp6x26xq7rx-vim-9.1.0707",
              "default": true
            },
            {
              "name": "xxd",
              "path": "/nix/store/igiq809m3jlhjm215vn26c33xcizhipm-vim-9.1.0707-xxd",
              "default": true
            }
          ],
          "store_path": "/nix/store/wdhpl0civ3ny5m6h4i426lp6x26xq7rx-vim-9.1.0707"
        },
        "aarch64-linux": {
          "outputs": [
            {
              "name": "out",
              "path": "/nix/store/nhsna3kf8rmj24fi8hh08xn0wrxdapxb-vim-9.1.0707",
              "default": true
            },
            {
              "name": "xxd",
              "path": "/nix/store/84l4vc3mngac17gg6c3k45y1fsrdf595-vim-9.1.0707-xxd",
              "default": true
            }
          ],
          "store_path": "/nix/store/nhsna3kf8rmj24fi8hh08xn0wrxdapxb-vim-9.1.0707"
        },
        "x86_64-darwin": {
          "outputs": [
            {
              "name": "out",
              "path": "/nix/store/kw42adc63whvnnricp9m0p1z4qqhirp4-vim-9.1.0707",
              "default": true
            },
            {
              "name": "xxd",
              "path": "/nix/store/v7qrl2wqr8a5574zyjsxn4xsw3zifjcb-vim-9.1.0707-xxd",
              "default": true
            }
          ],
          "store_path": "/nix/store/kw42adc63whvnnricp9m0p1z4qqhirp4-vim-9.1.0707"
        },
        "x86_64-linux": {
          "outputs": [
            {
              "name": "out",
              "path": "/nix/store/fymb2prdsmc9268m3nr061zyxxqi8wkv-vim-9.1.0707",
              "default": true
            },
            {
              "name": "xxd",
              "path": "/nix/store/9z5agdwv20vxi35i9c024pr6bk8aziy9-vim-9.1.0707-xxd",
              "default": true
            }
          ],
          "store_path": "/nix/store/fymb2prdsmc9268m3nr061zyxxqi8wkv-vim-9.1.0707"
        }
      }
    },
    "vscode@latest": {
      "last_modified": "2024-10-13T23:44:06Z",
      "resolved": "github:NixOS/nixpkgs/d4f247e89f6e10120f911e2e2d2254a050d0f732#vscode",
      "source": "devbox-search",
      "version": "1.94.2",
      "systems": {
        "aarch64-darwin": {
          "outputs": [
            {
              "name": "out",
              "path": "/nix/store/mdlr8182am37p84y5nf57wgrn18wgqja-vscode-1.94.2",
              "default": true
            }
          ],
          "store_path": "/nix/store/mdlr8182am37p84y5nf57wgrn18wgqja-vscode-1.94.2"
        },
        "aarch64-linux": {
          "outputs": [
            {
              "name": "out",
              "path": "/nix/store/6zzgxf9rczqyzpdyikx297vi3vh52msc-vscode-1.94.2",
              "default": true
            }
          ],
          "store_path": "/nix/store/6zzgxf9rczqyzpdyikx297vi3vh52msc-vscode-1.94.2"
        },
        "x86_64-darwin": {
          "outputs": [
            {
              "name": "out",
              "path": "/nix/store/f4l15i10y91557rn84x1xx24dmlxa6lf-vscode-1.94.2",
              "default": true
            }
          ],
          "store_path": "/nix/store/f4l15i10y91557rn84x1xx24dmlxa6lf-vscode-1.94.2"
        },
        "x86_64-linux": {
          "outputs": [
            {
              "name": "out",
              "path": "/nix/store/m5db887cmx6nk99gm5q8hm9dhg7dm0gw-vscode-1.94.2",
              "default": true
            }
          ],
          "store_path": "/nix/store/m5db887cmx6nk99gm5q8hm9dhg7dm0gw-vscode-1.94.2"
        }
      }
    }
  }
}
